
Microsoft Visual Studio Solution File, Format Version 12.00
# Visual Studio Version 17
VisualStudioVersion = 17.9.34622.214
MinimumVisualStudioVersion = 10.0.40219.1
Project("{9A19103F-16F7-4668-BE54-9A1E7A4F7556}") = "SpotiPie", "SpotiPie\SpotiPie.csproj", "{D4017B6E-8DD9-4449-9E75-86D0740BEBB2}"
EndProject
Global
	GlobalSection(SolutionConfigurationPlatforms) = preSolution
		Debug|Any CPU = Debug|Any CPU
		Release|Any CPU = Release|Any CPU
	EndGlobalSection
	GlobalSection(ProjectConfigurationPlatforms) = postSolution
		{D4017B6E-8DD9-4449-9E75-86D0740BEBB2}.Debug|Any CPU.ActiveCfg = Debug|Any CPU
		{D4017B6E-8DD9-4449-9E75-86D0740BEBB2}.Debug|Any CPU.Build.0 = Debug|Any CPU
		{D4017B6E-8DD9-4449-9E75-86D0740BEBB2}.Release|Any CPU.ActiveCfg = Release|Any CPU
		{D4017B6E-8DD9-4449-9E75-86D0740BEBB2}.Release|Any CPU.Build.0 = Release|Any CPU
	EndGlobalSection
	GlobalSection(SolutionProperties) = preSolution
		HideSolutionNode = FALSE
	EndGlobalSection
	GlobalSection(ExtensibilityGlobals) = postSolution
		SolutionGuid = {EBFA3B0E-EE4E-4203-85DD-95945D52E1D2}
	EndGlobalSection
EndGlobal
